// !$*UTF8*$!
{
	archiveVersion = 1;
	classes = {
	};
	objectVersion = 55;
	objects = {

/* Begin PBXBuildFile section */
		EDD5FBD627115FD000CDC4CB /* AppDelegate.swift in Sources */ = {isa = PBXBuildFile; fileRef = EDD5FBD527115FD000CDC4CB /* AppDelegate.swift */; };
		EDD5FBD827115FD000CDC4CB /* SceneDelegate.swift in Sources */ = {isa = PBXBuildFile; fileRef = EDD5FBD727115FD000CDC4CB /* SceneDelegate.swift */; };
		EDD5FBDA27115FD000CDC4CB /* ViewController.swift in Sources */ = {isa = PBXBuildFile; fileRef = EDD5FBD927115FD000CDC4CB /* ViewController.swift */; };
		EDD5FBDD27115FD000CDC4CB /* Main.storyboard in Resources */ = {isa = PBXBuildFile; fileRef = EDD5FBDB27115FD000CDC4CB /* Main.storyboard */; };
		EDD5FBDF27115FD100CDC4CB /* Assets.xcassets in Resources */ = {isa = PBXBuildFile; fileRef = EDD5FBDE27115FD100CDC4CB /* Assets.xcassets */; };
		EDD5FBE227115FD100CDC4CB /* LaunchScreen.storyboard in Resources */ = {isa = PBXBuildFile; fileRef = EDD5FBE027115FD100CDC4CB /* LaunchScreen.storyboard */; };
		EDD5FBEA27115FF700CDC4CB /* AutoLayoutPractice.storyboard in Resources */ = {isa = PBXBuildFile; fileRef = EDD5FBE927115FF700CDC4CB /* AutoLayoutPractice.storyboard */; };
		EDD5FBEF271183D100CDC4CB /* CustomTabbarController.swift in Sources */ = {isa = PBXBuildFile; fileRef = EDD5FBEE271183D100CDC4CB /* CustomTabbarController.swift */; };
		EDD5FBF1271183E200CDC4CB /* BrownVC.swift in Sources */ = {isa = PBXBuildFile; fileRef = EDD5FBF0271183E200CDC4CB /* BrownVC.swift */; };
		EDD5FBF3271183E900CDC4CB /* TealVC.swift in Sources */ = {isa = PBXBuildFile; fileRef = EDD5FBF2271183E900CDC4CB /* TealVC.swift */; };
/* End PBXBuildFile section */

/* Begin PBXFileReference section */
		EDD5FBD227115FD000CDC4CB /* secondSeminar.app */ = {isa = PBXFileReference; explicitFileType = wrapper.application; includeInIndex = 0; path = secondSeminar.app; sourceTree = BUILT_PRODUCTS_DIR; };
		EDD5FBD527115FD000CDC4CB /* AppDelegate.swift */ = {isa = PBXFileReference; lastKnownFileType = sourcecode.swift; path = AppDelegate.swift; sourceTree = "<group>"; };
		EDD5FBD727115FD000CDC4CB /* SceneDelegate.swift */ = {isa = PBXFileReference; lastKnownFileType = sourcecode.swift; path = SceneDelegate.swift; sourceTree = "<group>"; };
		EDD5FBD927115FD000CDC4CB /* ViewController.swift */ = {isa = PBXFileReference; lastKnownFileType = sourcecode.swift; path = ViewController.swift; sourceTree = "<group>"; };
		EDD5FBDC27115FD000CDC4CB /* Base */ = {isa = PBXFileReference; lastKnownFileType = file.storyboard; name = Base; path = Base.lproj/Main.storyboard; sourceTree = "<group>"; };
		EDD5FBDE27115FD100CDC4CB /* Assets.xcassets */ = {isa = PBXFileReference; lastKnownFileType = folder.assetcatalog; path = Assets.xcassets; sourceTree = "<group>"; };
		EDD5FBE127115FD100CDC4CB /* Base */ = {isa = PBXFileReference; lastKnownFileType = file.storyboard; name = Base; path = Base.lproj/LaunchScreen.storyboard; sourceTree = "<group>"; };
		EDD5FBE327115FD100CDC4CB /* Info.plist */ = {isa = PBXFileReference; lastKnownFileType = text.plist.xml; path = Info.plist; sourceTree = "<group>"; };
		EDD5FBE927115FF700CDC4CB /* AutoLayoutPractice.storyboard */ = {isa = PBXFileReference; lastKnownFileType = file.storyboard; path = AutoLayoutPractice.storyboard; sourceTree = "<group>"; };
		EDD5FBEE271183D100CDC4CB /* CustomTabbarController.swift */ = {isa = PBXFileReference; lastKnownFileType = sourcecode.swift; path = CustomTabbarController.swift; sourceTree = "<group>"; };
		EDD5FBF0271183E200CDC4CB /* BrownVC.swift */ = {isa = PBXFileReference; lastKnownFileType = sourcecode.swift; path = BrownVC.swift; sourceTree = "<group>"; };
		EDD5FBF2271183E900CDC4CB /* TealVC.swift */ = {isa = PBXFileReference; lastKnownFileType = sourcecode.swift; path = TealVC.swift; sourceTree = "<group>"; };
/* End PBXFileReference section */

/* Begin PBXFrameworksBuildPhase section */
		EDD5FBCF27115FD000CDC4CB /* Frameworks */ = {
			isa = PBXFrameworksBuildPhase;
			buildActionMask = 2147483647;
			files = (
			);
			runOnlyForDeploymentPostprocessing = 0;
		};
/* End PBXFrameworksBuildPhase section */

/* Begin PBXGroup section */
		EDD5FBC927115FD000CDC4CB = {
			isa = PBXGroup;
			children = (
				EDD5FBD427115FD000CDC4CB /* secondSeminar */,
				EDD5FBD327115FD000CDC4CB /* Products */,
			);
			sourceTree = "<group>";
		};
		EDD5FBD327115FD000CDC4CB /* Products */ = {
			isa = PBXGroup;
			children = (
				EDD5FBD227115FD000CDC4CB /* secondSeminar.app */,
			);
			name = Products;
			sourceTree = "<group>";
		};
		EDD5FBD427115FD000CDC4CB /* secondSeminar */ = {
			isa = PBXGroup;
			children = (
				EDD5FBED2711605200CDC4CB /* Supports */,
				EDD5FBEC2711601000CDC4CB /* ViewController */,
				EDD5FBEB2711600200CDC4CB /* Storyboards */,
				EDD5FBDE27115FD100CDC4CB /* Assets.xcassets */,
				EDD5FBE327115FD100CDC4CB /* Info.plist */,
			);
			path = secondSeminar;
			sourceTree = "<group>";
		};
		EDD5FBEB2711600200CDC4CB /* Storyboards */ = {
			isa = PBXGroup;
			children = (
				EDD5FBDB27115FD000CDC4CB /* Main.storyboard */,
				EDD5FBE027115FD100CDC4CB /* LaunchScreen.storyboard */,
				EDD5FBE927115FF700CDC4CB /* AutoLayoutPractice.storyboard */,
			);
			path = Storyboards;
			sourceTree = "<group>";
		};
		EDD5FBEC2711601000CDC4CB /* ViewController */ = {
			isa = PBXGroup;
			children = (
				EDD5FBD927115FD000CDC4CB /* ViewController.swift */,
				EDD5FBEE271183D100CDC4CB /* CustomTabbarController.swift */,
				EDD5FBF0271183E200CDC4CB /* BrownVC.swift */,
				EDD5FBF2271183E900CDC4CB /* TealVC.swift */,
			);
			path = ViewController;
			sourceTree = "<group>";
		};
		EDD5FBED2711605200CDC4CB /* Supports */ = {
			isa = PBXGroup;
			children = (
				EDD5FBD527115FD000CDC4CB /* AppDelegate.swift */,
				EDD5FBD727115FD000CDC4CB /* SceneDelegate.swift */,
			);
			path = Supports;
			sourceTree = "<group>";
		};
/* End PBXGroup section */

/* Begin PBXNativeTarget section */
		EDD5FBD127115FD000CDC4CB /* secondSeminar */ = {
			isa = PBXNativeTarget;
			buildConfigurationList = EDD5FBE627115FD100CDC4CB /* Build configuration list for PBXNativeTarget "secondSeminar" */;
			buildPhases = (
				EDD5FBCE27115FD000CDC4CB /* Sources */,
				EDD5FBCF27115FD000CDC4CB /* Frameworks */,
				EDD5FBD027115FD000CDC4CB /* Resources */,
			);
			buildRules = (
			);
			dependencies = (
			);
			name = secondSeminar;
			productName = secondSeminar;
			productReference = EDD5FBD227115FD000CDC4CB /* secondSeminar.app */;
			productType = "com.apple.product-type.application";
		};
/* End PBXNativeTarget section */

/* Begin PBXProject section */
		EDD5FBCA27115FD000CDC4CB /* Project object */ = {
			isa = PBXProject;
			attributes = {
				BuildIndependentTargetsInParallel = 1;
				LastSwiftUpdateCheck = 1300;
				LastUpgradeCheck = 1300;
				TargetAttributes = {
					EDD5FBD127115FD000CDC4CB = {
						CreatedOnToolsVersion = 13.0;
					};
				};
			};
			buildConfigurationList = EDD5FBCD27115FD000CDC4CB /* Build configuration list for PBXProject "secondSeminar" */;
			compatibilityVersion = "Xcode 13.0";
			developmentRegion = en;
			hasScannedForEncodings = 0;
			knownRegions = (
				en,
				Base,
			);
			mainGroup = EDD5FBC927115FD000CDC4CB;
			productRefGroup = EDD5FBD327115FD000CDC4CB /* Products */;
			projectDirPath = "";
			projectRoot = "";
			targets = (
				EDD5FBD127115FD000CDC4CB /* secondSeminar */,
			);
		};
/* End PBXProject section */

/* Begin PBXResourcesBuildPhase section */
		EDD5FBD027115FD000CDC4CB /* Resources */ = {
			isa = PBXResourcesBuildPhase;
			buildActionMask = 2147483647;
			files = (
				EDD5FBE227115FD100CDC4CB /* LaunchScreen.storyboard in Resources */,
				EDD5FBDF27115FD100CDC4CB /* Assets.xcassets in Resources */,
				EDD5FBEA27115FF700CDC4CB /* AutoLayoutPractice.storyboard in Resources */,
				EDD5FBDD27115FD000CDC4CB /* Main.storyboard in Resources */,
			);
			runOnlyForDeploymentPostprocessing = 0;
		};
/* End PBXResourcesBuildPhase section */

/* Begin PBXSourcesBuildPhase section */
		EDD5FBCE27115FD000CDC4CB /* Sources */ = {
			isa = PBXSourcesBuildPhase;
			buildActionMask = 2147483647;
			files = (
				EDD5FBDA27115FD000CDC4CB /* ViewController.swift in Sources */,
				EDD5FBF1271183E200CDC4CB /* BrownVC.swift in Sources */,
				EDD5FBF3271183E900CDC4CB /* TealVC.swift in Sources */,
				EDD5FBD627115FD000CDC4CB /* AppDelegate.swift in Sources */,
				EDD5FBEF271183D100CDC4CB /* CustomTabbarController.swift in Sources */,
				EDD5FBD827115FD000CDC4CB /* SceneDelegate.swift in Sources */,
			);
			runOnlyForDeploymentPostprocessing = 0;
		};
/* End PBXSourcesBuildPhase section */

/* Begin PBXVariantGroup section */
		EDD5FBDB27115FD000CDC4CB /* Main.storyboard */ = {
			isa = PBXVariantGroup;
			children = (
				EDD5FBDC27115FD000CDC4CB /* Base */,
			);
			name = Main.storyboard;
			sourceTree = "<group>";
		};
		EDD5FBE027115FD100CDC4CB /* LaunchScreen.storyboard */ = {
			isa = PBXVariantGroup;
			children = (
				EDD5FBE127115FD100CDC4CB /* Base */,
			);
			name = LaunchScreen.storyboard;
			sourceTree = "<group>";
		};
/* End PBXVariantGroup section */

/* Begin XCBuildConfiguration section */
		EDD5FBE427115FD100CDC4CB /* Debug */ = {
			isa = XCBuildConfiguration;
			buildSettings = {
				ALWAYS_SEARCH_USER_PATHS = NO;
				CLANG_ANALYZER_NONNULL = YES;
				CLANG_ANALYZER_NUMBER_OBJECT_CONVERSION = YES_AGGRESSIVE;
				CLANG_CXX_LANGUAGE_STANDARD = "gnu++17";
				CLANG_CXX_LIBRARY = "libc++";
				CLANG_ENABLE_MODULES = YES;
				CLANG_ENABLE_OBJC_ARC = YES;
				CLANG_ENABLE_OBJC_WEAK = YES;
				CLANG_WARN_BLOCK_CAPTURE_AUTORELEASING = YES;
				CLANG_WARN_BOOL_CONVERSION = YES;
				CLANG_WARN_COMMA = YES;
				CLANG_WARN_CONSTANT_CONVERSION = YES;
				CLANG_WARN_DEPRECATED_OBJC_IMPLEMENTATIONS = YES;
				CLANG_WARN_DIRECT_OBJC_ISA_USAGE = YES_ERROR;
				CLANG_WARN_DOCUMENTATION_COMMENTS = YES;
				CLANG_WARN_EMPTY_BODY = YES;
				CLANG_WARN_ENUM_CONVERSION = YES;
				CLANG_WARN_INFINITE_RECURSION = YES;
				CLANG_WARN_INT_CONVERSION = YES;
				CLANG_WARN_NON_LITERAL_NULL_CONVERSION = YES;
				CLANG_WARN_OBJC_IMPLICIT_RETAIN_SELF = YES;
				CLANG_WARN_OBJC_LITERAL_CONVERSION = YES;
				CLANG_WARN_OBJC_ROOT_CLASS = YES_ERROR;
				CLANG_WARN_QUOTED_INCLUDE_IN_FRAMEWORK_HEADER = YES;
				CLANG_WARN_RANGE_LOOP_ANALYSIS = YES;
				CLANG_WARN_STRICT_PROTOTYPES = YES;
				CLANG_WARN_SUSPICIOUS_MOVE = YES;
				CLANG_WARN_UNGUARDED_AVAILABILITY = YES_AGGRESSIVE;
				CLANG_WARN_UNREACHABLE_CODE = YES;
				CLANG_WARN__DUPLICATE_METHOD_MATCH = YES;
				COPY_PHASE_STRIP = NO;
				DEBUG_INFORMATION_FORMAT = dwarf;
				ENABLE_STRICT_OBJC_MSGSEND = YES;
				ENABLE_TESTABILITY = YES;
				GCC_C_LANGUAGE_STANDARD = gnu11;
				GCC_DYNAMIC_NO_PIC = NO;
				GCC_NO_COMMON_BLOCKS = YES;
				GCC_OPTIMIZATION_LEVEL = 0;
				GCC_PREPROCESSOR_DEFINITIONS = (
					"DEBUG=1",
					"$(inherited)",
				);
				GCC_WARN_64_TO_32_BIT_CONVERSION = YES;
				GCC_WARN_ABOUT_RETURN_TYPE = YES_ERROR;
				GCC_WARN_UNDECLARED_SELECTOR = YES;
				GCC_WARN_UNINITIALIZED_AUTOS = YES_AGGRESSIVE;
				GCC_WARN_UNUSED_FUNCTION = YES;
				GCC_WARN_UNUSED_VARIABLE = YES;
				IPHONEOS_DEPLOYMENT_TARGET = 15.0;
				MTL_ENABLE_DEBUG_INFO = INCLUDE_SOURCE;
				MTL_FAST_MATH = YES;
				ONLY_ACTIVE_ARCH = YES;
				SDKROOT = iphoneos;
				SWIFT_ACTIVE_COMPILATION_CONDITIONS = DEBUG;
				SWIFT_OPTIMIZATION_LEVEL = "-Onone";
			};
			name = Debug;
		};
		EDD5FBE527115FD100CDC4CB /* Release */ = {
			isa = XCBuildConfiguration;
			buildSettings = {
				ALWAYS_SEARCH_USER_PATHS = NO;
				CLANG_ANALYZER_NONNULL = YES;
				CLANG_ANALYZER_NUMBER_OBJECT_CONVERSION = YES_AGGRESSIVE;
				CLANG_CXX_LANGUAGE_STANDARD = "gnu++17";
				CLANG_CXX_LIBRARY = "libc++";
				CLANG_ENABLE_MODULES = YES;
				CLANG_ENABLE_OBJC_ARC = YES;
				CLANG_ENABLE_OBJC_WEAK = YES;
				CLANG_WARN_BLOCK_CAPTURE_AUTORELEASING = YES;
				CLANG_WARN_BOOL_CONVERSION = YES;
				CLANG_WARN_COMMA = YES;
				CLANG_WARN_CONSTANT_CONVERSION = YES;
				CLANG_WARN_DEPRECATED_OBJC_IMPLEMENTATIONS = YES;
				CLANG_WARN_DIRECT_OBJC_ISA_USAGE = YES_ERROR;
				CLANG_WARN_DOCUMENTATION_COMMENTS = YES;
				CLANG_WARN_EMPTY_BODY = YES;
				CLANG_WARN_ENUM_CONVERSION = YES;
				CLANG_WARN_INFINITE_RECURSION = YES;
				CLANG_WARN_INT_CONVERSION = YES;
				CLANG_WARN_NON_LITERAL_NULL_CONVERSION = YES;
				CLANG_WARN_OBJC_IMPLICIT_RETAIN_SELF = YES;
				CLANG_WARN_OBJC_LITERAL_CONVERSION = YES;
				CLANG_WARN_OBJC_ROOT_CLASS = YES_ERROR;
				CLANG_WARN_QUOTED_INCLUDE_IN_FRAMEWORK_HEADER = YES;
				CLANG_WARN_RANGE_LOOP_ANALYSIS = YES;
				CLANG_WARN_STRICT_PROTOTYPES = YES;
				CLANG_WARN_SUSPICIOUS_MOVE = YES;
				CLANG_WARN_UNGUARDED_AVAILABILITY = YES_AGGRESSIVE;
				CLANG_WARN_UNREACHABLE_CODE = YES;
				CLANG_WARN__DUPLICATE_METHOD_MATCH = YES;
				COPY_PHASE_STRIP = NO;
				DEBUG_INFORMATION_FORMAT = "dwarf-with-dsym";
				ENABLE_NS_ASSERTIONS = NO;
				ENABLE_STRICT_OBJC_MSGSEND = YES;
				GCC_C_LANGUAGE_STANDARD = gnu11;
				GCC_NO_COMMON_BLOCKS = YES;
				GCC_WARN_64_TO_32_BIT_CONVERSION = YES;
				GCC_WARN_ABOUT_RETURN_TYPE = YES_ERROR;
				GCC_WARN_UNDECLARED_SELECTOR = YES;
				GCC_WARN_UNINITIALIZED_AUTOS = YES_AGGRESSIVE;
				GCC_WARN_UNUSED_FUNCTION = YES;
				GCC_WARN_UNUSED_VARIABLE = YES;
				IPHONEOS_DEPLOYMENT_TARGET = 15.0;
				MTL_ENABLE_DEBUG_INFO = NO;
				MTL_FAST_MATH = YES;
				SDKROOT = iphoneos;
				SWIFT_COMPILATION_MODE = wholemodule;
				SWIFT_OPTIMIZATION_LEVEL = "-O";
				VALIDATE_PRODUCT = YES;
			};
			name = Release;
		};
		EDD5FBE727115FD100CDC4CB /* Debug */ = {
			isa = XCBuildConfiguration;
			buildSettings = {
				ASSETCATALOG_COMPILER_APPICON_NAME = AppIcon;
				ASSETCATALOG_COMPILER_GLOBAL_ACCENT_COLOR_NAME = AccentColor;
				CODE_SIGN_STYLE = Automatic;
				CURRENT_PROJECT_VERSION = 1;
				GENERATE_INFOPLIST_FILE = YES;
				INFOPLIST_FILE = secondSeminar/Info.plist;
				INFOPLIST_KEY_UIApplicationSupportsIndirectInputEvents = YES;
				INFOPLIST_KEY_UILaunchStoryboardName = LaunchScreen;
				INFOPLIST_KEY_UIMainStoryboardFile = Main;
				INFOPLIST_KEY_UISupportedInterfaceOrientations_iPad = "UIInterfaceOrientationPortrait UIInterfaceOrientationPortraitUpsideDown UIInterfaceOrientationLandscapeLeft UIInterfaceOrientationLandscapeRight";
				INFOPLIST_KEY_UISupportedInterfaceOrientations_iPhone = "UIInterfaceOrientationPortrait UIInterfaceOrientationLandscapeLeft UIInterfaceOrientationLandscapeRight";
				LD_RUNPATH_SEARCH_PATHS = (
					"$(inherited)",
					"@executable_path/Frameworks",
				);
				MARKETING_VERSION = 1.0;
				PRODUCT_BUNDLE_IDENTIFIER = com.tiekle.secondSeminar;
				PRODUCT_NAME = "$(TARGET_NAME)";
				SWIFT_EMIT_LOC_STRINGS = YES;
				SWIFT_VERSION = 5.0;
				TARGETED_DEVICE_FAMILY = "1,2";
			};
			name = Debug;
		};
		EDD5FBE827115FD100CDC4CB /* Release */ = {
			isa = XCBuildConfiguration;
			buildSettings = {
				ASSETCATALOG_COMPILER_APPICON_NAME = AppIcon;
				ASSETCATALOG_COMPILER_GLOBAL_ACCENT_COLOR_NAME = AccentColor;
				CODE_SIGN_STYLE = Automatic;
				CURRENT_PROJECT_VERSION = 1;
				GENERATE_INFOPLIST_FILE = YES;
				INFOPLIST_FILE = secondSeminar/Info.plist;
				INFOPLIST_KEY_UIApplicationSupportsIndirectInputEvents = YES;
				INFOPLIST_KEY_UILaunchStoryboardName = LaunchScreen;
				INFOPLIST_KEY_UIMainStoryboardFile = Main;
				INFOPLIST_KEY_UISupportedInterfaceOrientations_iPad = "UIInterfaceOrientationPortrait UIInterfaceOrientationPortraitUpsideDown UIInterfaceOrientationLandscapeLeft UIInterfaceOrientationLandscapeRight";
				INFOPLIST_KEY_UISupportedInterfaceOrientations_iPhone = "UIInterfaceOrientationPortrait UIInterfaceOrientationLandscapeLeft UIInterfaceOrientationLandscapeRight";
				LD_RUNPATH_SEARCH_PATHS = (
					"$(inherited)",
					"@executable_path/Frameworks",
				);
				MARKETING_VERSION = 1.0;
				PRODUCT_BUNDLE_IDENTIFIER = com.tiekle.secondSeminar;
				PRODUCT_NAME = "$(TARGET_NAME)";
				SWIFT_EMIT_LOC_STRINGS = YES;
				SWIFT_VERSION = 5.0;
				TARGETED_DEVICE_FAMILY = "1,2";
			};
			name = Release;
		};
/* End XCBuildConfiguration section */

/* Begin XCConfigurationList section */
		EDD5FBCD27115FD000CDC4CB /* Build configuration list for PBXProject "secondSeminar" */ = {
			isa = XCConfigurationList;
			buildConfigurations = (
				EDD5FBE427115FD100CDC4CB /* Debug */,
				EDD5FBE527115FD100CDC4CB /* Release */,
			);
			defaultConfigurationIsVisible = 0;
			defaultConfigurationName = Release;
		};
		EDD5FBE627115FD100CDC4CB /* Build configuration list for PBXNativeTarget "secondSeminar" */ = {
			isa = XCConfigurationList;
			buildConfigurations = (
				EDD5FBE727115FD100CDC4CB /* Debug */,
				EDD5FBE827115FD100CDC4CB /* Release */,
			);
			defaultConfigurationIsVisible = 0;
			defaultConfigurationName = Release;
		};
/* End XCConfigurationList section */
	};
	rootObject = EDD5FBCA27115FD000CDC4CB /* Project object */;
}
